
Microsoft Visual Studio Solution File, Format Version 12.00
# Visual Studio Version 17
VisualStudioVersion = 17.7.34202.233
MinimumVisualStudioVersion = 10.0.40219.1
Project("{FAE04EC0-301F-11D3-BF4B-00C04F79EFBC}") = "LibraryManagement_BuiVanTai", "LibraryManagement_BuiVanTai\LibraryManagement_BuiVanTai.csproj", "{CD5F914A-4FEA-41BC-AB3A-04EA62503951}"
EndProject
Project("{FAE04EC0-301F-11D3-BF4B-00C04F79EFBC}") = "LibraryManagement_BuiVanTaiTests", "LibraryManagement_BuiVanTaiTests\LibraryManagement_BuiVanTaiTests.csproj", "{76879713-BF63-45F0-96E1-08E8B88E9683}"
EndProject
Project("{FAE04EC0-301F-11D3-BF4B-00C04F79EFBC}") = "UnitTestProject1", "UnitTestProject1\UnitTestProject1.csproj", "{912223F5-2A60-4E95-98BF-0B559AA30DF4}"
EndProject
Global
	GlobalSection(SolutionConfigurationPlatforms) = preSolution
		Debug|Any CPU = Debug|Any CPU
		Release|Any CPU = Release|Any CPU
	EndGlobalSection
	GlobalSection(ProjectConfigurationPlatforms) = postSolution
		{CD5F914A-4FEA-41BC-AB3A-04EA62503951}.Debug|Any CPU.ActiveCfg = Debug|Any CPU
		{CD5F914A-4FEA-41BC-AB3A-04EA62503951}.Debug|Any CPU.Build.0 = Debug|Any CPU
		{CD5F914A-4FEA-41BC-AB3A-04EA62503951}.Release|Any CPU.ActiveCfg = Release|Any CPU
		{CD5F914A-4FEA-41BC-AB3A-04EA62503951}.Release|Any CPU.Build.0 = Release|Any CPU
		{76879713-BF63-45F0-96E1-08E8B88E9683}.Debug|Any CPU.ActiveCfg = Debug|Any CPU
		{76879713-BF63-45F0-96E1-08E8B88E9683}.Debug|Any CPU.Build.0 = Debug|Any CPU
		{76879713-BF63-45F0-96E1-08E8B88E9683}.Release|Any CPU.ActiveCfg = Release|Any CPU
		{76879713-BF63-45F0-96E1-08E8B88E9683}.Release|Any CPU.Build.0 = Release|Any CPU
		{912223F5-2A60-4E95-98BF-0B559AA30DF4}.Debug|Any CPU.ActiveCfg = Debug|Any CPU
		{912223F5-2A60-4E95-98BF-0B559AA30DF4}.Debug|Any CPU.Build.0 = Debug|Any CPU
		{912223F5-2A60-4E95-98BF-0B559AA30DF4}.Release|Any CPU.ActiveCfg = Release|Any CPU
		{912223F5-2A60-4E95-98BF-0B559AA30DF4}.Release|Any CPU.Build.0 = Release|Any CPU
	EndGlobalSection
	GlobalSection(SolutionProperties) = preSolution
		HideSolutionNode = FALSE
	EndGlobalSection
	GlobalSection(ExtensibilityGlobals) = postSolution
		SolutionGuid = {5595AC3F-3773-483F-8B2D-5ECC47A377A9}
	EndGlobalSection
EndGlobal
